// !$*UTF8*$!
{
	archiveVersion = 1;
	classes = {
	};
	objectVersion = 56;
	objects = {

/* Begin PBXBuildFile section */
		5C077CD329CDEFBA006B3ADC /* ContentViewModelPodcast.swift in Sources */ = {isa = PBXBuildFile; fileRef = 5C077CD229CDEFBA006B3ADC /* ContentViewModelPodcast.swift */; };
		5C077CD529CDF03D006B3ADC /* PostCardPodcast.swift in Sources */ = {isa = PBXBuildFile; fileRef = 5C077CD429CDF03D006B3ADC /* PostCardPodcast.swift */; };
		5C077CD729CE0EC7006B3ADC /* User.swift in Sources */ = {isa = PBXBuildFile; fileRef = 5C077CD629CE0EC7006B3ADC /* User.swift */; };
		5C077CDB29CF5DFD006B3ADC /* PostCardPodcastDetail.swift in Sources */ = {isa = PBXBuildFile; fileRef = 5C077CDA29CF5DFD006B3ADC /* PostCardPodcastDetail.swift */; };
		5C25BC2A29BD6349003667A9 /* Base.swift in Sources */ = {isa = PBXBuildFile; fileRef = 5C25BC2929BD6349003667A9 /* Base.swift */; };
		5C25BC2C29BD6590003667A9 /* UserSettings.swift in Sources */ = {isa = PBXBuildFile; fileRef = 5C25BC2B29BD6590003667A9 /* UserSettings.swift */; };
		5C42F23329C95864009099B7 /* PostCardVideo.swift in Sources */ = {isa = PBXBuildFile; fileRef = 5C42F23229C95864009099B7 /* PostCardVideo.swift */; };
		5C42F23529C95F6E009099B7 /* ContentViewModelVideo.swift in Sources */ = {isa = PBXBuildFile; fileRef = 5C42F23429C95F6E009099B7 /* ContentViewModelVideo.swift */; };
		5C52C70A29BCD8CD002231F2 /* BaudoAPApp.swift in Sources */ = {isa = PBXBuildFile; fileRef = 5C52C70929BCD8CD002231F2 /* BaudoAPApp.swift */; };
		5C52C70E29BCD8CE002231F2 /* Assets.xcassets in Resources */ = {isa = PBXBuildFile; fileRef = 5C52C70D29BCD8CE002231F2 /* Assets.xcassets */; };
		5C52C71129BCD8CE002231F2 /* Preview Assets.xcassets in Resources */ = {isa = PBXBuildFile; fileRef = 5C52C71029BCD8CE002231F2 /* Preview Assets.xcassets */; };
		5C52C71B29BCDEDF002231F2 /* FirebaseAuth in Frameworks */ = {isa = PBXBuildFile; productRef = 5C52C71A29BCDEDF002231F2 /* FirebaseAuth */; };
		5C52C71D29BCDEDF002231F2 /* FirebaseFirestore in Frameworks */ = {isa = PBXBuildFile; productRef = 5C52C71C29BCDEDF002231F2 /* FirebaseFirestore */; };
		5C52C71F29BCDEE0002231F2 /* FirebaseStorage in Frameworks */ = {isa = PBXBuildFile; productRef = 5C52C71E29BCDEDF002231F2 /* FirebaseStorage */; };
		5C52C72529BCE1DF002231F2 /* Post.swift in Sources */ = {isa = PBXBuildFile; fileRef = 5C52C72429BCE1DF002231F2 /* Post.swift */; };
		5C52C72729BCE1F2002231F2 /* PostCardImage.swift in Sources */ = {isa = PBXBuildFile; fileRef = 5C52C72629BCE1F2002231F2 /* PostCardImage.swift */; };
		5C52C72C29BCE23C002231F2 /* Preload.swift in Sources */ = {isa = PBXBuildFile; fileRef = 5C52C72B29BCE23C002231F2 /* Preload.swift */; };
		5C52C72E29BCE24F002231F2 /* Login.swift in Sources */ = {isa = PBXBuildFile; fileRef = 5C52C72D29BCE24F002231F2 /* Login.swift */; };
		5C52C73029BCE263002231F2 /* Home.swift in Sources */ = {isa = PBXBuildFile; fileRef = 5C52C72F29BCE263002231F2 /* Home.swift */; };
		5C52C73229BCE270002231F2 /* Navegantes.swift in Sources */ = {isa = PBXBuildFile; fileRef = 5C52C73129BCE270002231F2 /* Navegantes.swift */; };
		5C52C73429BCE280002231F2 /* Eventos.swift in Sources */ = {isa = PBXBuildFile; fileRef = 5C52C73329BCE280002231F2 /* Eventos.swift */; };
		5C52C73629BCE29D002231F2 /* Tienda.swift in Sources */ = {isa = PBXBuildFile; fileRef = 5C52C73529BCE29D002231F2 /* Tienda.swift */; };
		5C52C73829BCE2BA002231F2 /* Comunidad.swift in Sources */ = {isa = PBXBuildFile; fileRef = 5C52C73729BCE2BA002231F2 /* Comunidad.swift */; };
		5C6807EF29D5EA03005F7B46 /* GoogleService-Info.plist in Resources */ = {isa = PBXBuildFile; fileRef = 5C6807EE29D5EA03005F7B46 /* GoogleService-Info.plist */; };
		5C6FAEF929D36C31000B8FB6 /* ContentViewModelImage.swift in Sources */ = {isa = PBXBuildFile; fileRef = 5C6FAEF829D36C30000B8FB6 /* ContentViewModelImage.swift */; };
		5C6FAEFB29D37E89000B8FB6 /* EmptyView.swift in Sources */ = {isa = PBXBuildFile; fileRef = 5C6FAEFA29D37E89000B8FB6 /* EmptyView.swift */; };
		5C90A5B729BD4B600031FF14 /* TabViews.swift in Sources */ = {isa = PBXBuildFile; fileRef = 5C90A5B629BD4B600031FF14 /* TabViews.swift */; };
		5CA8AA9129D14B1500F59CAA /* SofiaSans-Medium.ttf in Resources */ = {isa = PBXBuildFile; fileRef = 5CA8AA8B29D14B1500F59CAA /* SofiaSans-Medium.ttf */; };
		5CA8AA9229D14B1500F59CAA /* SofiaSans-Black.ttf in Resources */ = {isa = PBXBuildFile; fileRef = 5CA8AA8C29D14B1500F59CAA /* SofiaSans-Black.ttf */; };
		5CA8AA9329D14B1500F59CAA /* SofiaSans-ExtraBold.ttf in Resources */ = {isa = PBXBuildFile; fileRef = 5CA8AA8D29D14B1500F59CAA /* SofiaSans-ExtraBold.ttf */; };
		5CA8AA9429D14B1500F59CAA /* SofiaSans-Light.ttf in Resources */ = {isa = PBXBuildFile; fileRef = 5CA8AA8E29D14B1500F59CAA /* SofiaSans-Light.ttf */; };
		5CA8AA9529D14B1500F59CAA /* SofiaSans-Regular.ttf in Resources */ = {isa = PBXBuildFile; fileRef = 5CA8AA8F29D14B1500F59CAA /* SofiaSans-Regular.ttf */; };
		5CA8AA9629D14B1500F59CAA /* SofiaSans-Bold.ttf in Resources */ = {isa = PBXBuildFile; fileRef = 5CA8AA9029D14B1500F59CAA /* SofiaSans-Bold.ttf */; };
		5CA8AA9829D1570800F59CAA /* ContentViewModelComunidad.swift in Sources */ = {isa = PBXBuildFile; fileRef = 5CA8AA9729D1570800F59CAA /* ContentViewModelComunidad.swift */; };
		5CA8AA9A29D1580400F59CAA /* Users.swift in Sources */ = {isa = PBXBuildFile; fileRef = 5CA8AA9929D1580400F59CAA /* Users.swift */; };
		5CA8AA9C29D15C0A00F59CAA /* PostCardComunidad.swift in Sources */ = {isa = PBXBuildFile; fileRef = 5CA8AA9B29D15C0A00F59CAA /* PostCardComunidad.swift */; };
		5CB902D529CB81C0004D581B /* PostCardVideoDetailView.swift in Sources */ = {isa = PBXBuildFile; fileRef = 5CB902D429CB81C0004D581B /* PostCardVideoDetailView.swift */; };
		5CE0FEB529BE0C2900711866 /* SDWebImageSwiftUI in Frameworks */ = {isa = PBXBuildFile; productRef = 5CE0FEB429BE0C2900711866 /* SDWebImageSwiftUI */; };
		5CE0FEB729BEA4C100711866 /* PostCardImageDetailView.swift in Sources */ = {isa = PBXBuildFile; fileRef = 5CE0FEB629BEA4C100711866 /* PostCardImageDetailView.swift */; };
		5CE0FEB929BEC0BD00711866 /* PostCardImageDetailViewImage.swift in Sources */ = {isa = PBXBuildFile; fileRef = 5CE0FEB829BEC0BD00711866 /* PostCardImageDetailViewImage.swift */; };
/* End PBXBuildFile section */

/* Begin PBXFileReference section */
		5C077CD229CDEFBA006B3ADC /* ContentViewModelPodcast.swift */ = {isa = PBXFileReference; lastKnownFileType = sourcecode.swift; path = ContentViewModelPodcast.swift; sourceTree = "<group>"; };
		5C077CD429CDF03D006B3ADC /* PostCardPodcast.swift */ = {isa = PBXFileReference; lastKnownFileType = sourcecode.swift; path = PostCardPodcast.swift; sourceTree = "<group>"; };
		5C077CD629CE0EC7006B3ADC /* User.swift */ = {isa = PBXFileReference; lastKnownFileType = sourcecode.swift; path = User.swift; sourceTree = "<group>"; };
		5C077CDA29CF5DFD006B3ADC /* PostCardPodcastDetail.swift */ = {isa = PBXFileReference; lastKnownFileType = sourcecode.swift; path = PostCardPodcastDetail.swift; sourceTree = "<group>"; };
		5C25BC2929BD6349003667A9 /* Base.swift */ = {isa = PBXFileReference; lastKnownFileType = sourcecode.swift; path = Base.swift; sourceTree = "<group>"; };
		5C25BC2B29BD6590003667A9 /* UserSettings.swift */ = {isa = PBXFileReference; lastKnownFileType = sourcecode.swift; path = UserSettings.swift; sourceTree = "<group>"; };
		5C42F23229C95864009099B7 /* PostCardVideo.swift */ = {isa = PBXFileReference; lastKnownFileType = sourcecode.swift; path = PostCardVideo.swift; sourceTree = "<group>"; };
		5C42F23429C95F6E009099B7 /* ContentViewModelVideo.swift */ = {isa = PBXFileReference; lastKnownFileType = sourcecode.swift; path = ContentViewModelVideo.swift; sourceTree = "<group>"; };
		5C52C70629BCD8CD002231F2 /* BaudoAP.app */ = {isa = PBXFileReference; explicitFileType = wrapper.application; includeInIndex = 0; path = BaudoAP.app; sourceTree = BUILT_PRODUCTS_DIR; };
		5C52C70929BCD8CD002231F2 /* BaudoAPApp.swift */ = {isa = PBXFileReference; lastKnownFileType = sourcecode.swift; path = BaudoAPApp.swift; sourceTree = "<group>"; };
		5C52C70D29BCD8CE002231F2 /* Assets.xcassets */ = {isa = PBXFileReference; lastKnownFileType = folder.assetcatalog; path = Assets.xcassets; sourceTree = "<group>"; };
		5C52C71029BCD8CE002231F2 /* Preview Assets.xcassets */ = {isa = PBXFileReference; lastKnownFileType = folder.assetcatalog; path = "Preview Assets.xcassets"; sourceTree = "<group>"; };
		5C52C72429BCE1DF002231F2 /* Post.swift */ = {isa = PBXFileReference; lastKnownFileType = sourcecode.swift; path = Post.swift; sourceTree = "<group>"; };
		5C52C72629BCE1F2002231F2 /* PostCardImage.swift */ = {isa = PBXFileReference; lastKnownFileType = sourcecode.swift; path = PostCardImage.swift; sourceTree = "<group>"; };
		5C52C72B29BCE23C002231F2 /* Preload.swift */ = {isa = PBXFileReference; lastKnownFileType = sourcecode.swift; path = Preload.swift; sourceTree = "<group>"; };
		5C52C72D29BCE24F002231F2 /* Login.swift */ = {isa = PBXFileReference; lastKnownFileType = sourcecode.swift; path = Login.swift; sourceTree = "<group>"; };
		5C52C72F29BCE263002231F2 /* Home.swift */ = {isa = PBXFileReference; lastKnownFileType = sourcecode.swift; path = Home.swift; sourceTree = "<group>"; };
		5C52C73129BCE270002231F2 /* Navegantes.swift */ = {isa = PBXFileReference; lastKnownFileType = sourcecode.swift; path = Navegantes.swift; sourceTree = "<group>"; };
		5C52C73329BCE280002231F2 /* Eventos.swift */ = {isa = PBXFileReference; lastKnownFileType = sourcecode.swift; path = Eventos.swift; sourceTree = "<group>"; };
		5C52C73529BCE29D002231F2 /* Tienda.swift */ = {isa = PBXFileReference; lastKnownFileType = sourcecode.swift; path = Tienda.swift; sourceTree = "<group>"; };
		5C52C73729BCE2BA002231F2 /* Comunidad.swift */ = {isa = PBXFileReference; lastKnownFileType = sourcecode.swift; path = Comunidad.swift; sourceTree = "<group>"; };
		5C6807EE29D5EA03005F7B46 /* GoogleService-Info.plist */ = {isa = PBXFileReference; fileEncoding = 4; lastKnownFileType = text.plist.xml; name = "GoogleService-Info.plist"; path = "../Models/GoogleService-Info.plist"; sourceTree = "<group>"; };
		5C6FAEF829D36C30000B8FB6 /* ContentViewModelImage.swift */ = {isa = PBXFileReference; lastKnownFileType = sourcecode.swift; path = ContentViewModelImage.swift; sourceTree = "<group>"; };
		5C6FAEFA29D37E89000B8FB6 /* EmptyView.swift */ = {isa = PBXFileReference; lastKnownFileType = sourcecode.swift; path = EmptyView.swift; sourceTree = "<group>"; };
		5C90A5B529BD07BD0031FF14 /* Info.plist */ = {isa = PBXFileReference; lastKnownFileType = text.plist; path = Info.plist; sourceTree = "<group>"; };
		5C90A5B629BD4B600031FF14 /* TabViews.swift */ = {isa = PBXFileReference; lastKnownFileType = sourcecode.swift; path = TabViews.swift; sourceTree = "<group>"; };
		5CA8AA8B29D14B1500F59CAA /* SofiaSans-Medium.ttf */ = {isa = PBXFileReference; lastKnownFileType = file; path = "SofiaSans-Medium.ttf"; sourceTree = "<group>"; };
		5CA8AA8C29D14B1500F59CAA /* SofiaSans-Black.ttf */ = {isa = PBXFileReference; lastKnownFileType = file; path = "SofiaSans-Black.ttf"; sourceTree = "<group>"; };
		5CA8AA8D29D14B1500F59CAA /* SofiaSans-ExtraBold.ttf */ = {isa = PBXFileReference; lastKnownFileType = file; path = "SofiaSans-ExtraBold.ttf"; sourceTree = "<group>"; };
		5CA8AA8E29D14B1500F59CAA /* SofiaSans-Light.ttf */ = {isa = PBXFileReference; lastKnownFileType = file; path = "SofiaSans-Light.ttf"; sourceTree = "<group>"; };
		5CA8AA8F29D14B1500F59CAA /* SofiaSans-Regular.ttf */ = {isa = PBXFileReference; lastKnownFileType = file; path = "SofiaSans-Regular.ttf"; sourceTree = "<group>"; };
		5CA8AA9029D14B1500F59CAA /* SofiaSans-Bold.ttf */ = {isa = PBXFileReference; lastKnownFileType = file; path = "SofiaSans-Bold.ttf"; sourceTree = "<group>"; };
		5CA8AA9729D1570800F59CAA /* ContentViewModelComunidad.swift */ = {isa = PBXFileReference; lastKnownFileType = sourcecode.swift; path = ContentViewModelComunidad.swift; sourceTree = "<group>"; };
		5CA8AA9929D1580400F59CAA /* Users.swift */ = {isa = PBXFileReference; lastKnownFileType = sourcecode.swift; path = Users.swift; sourceTree = "<group>"; };
		5CA8AA9B29D15C0A00F59CAA /* PostCardComunidad.swift */ = {isa = PBXFileReference; lastKnownFileType = sourcecode.swift; path = PostCardComunidad.swift; sourceTree = "<group>"; };
		5CB902D429CB81C0004D581B /* PostCardVideoDetailView.swift */ = {isa = PBXFileReference; lastKnownFileType = sourcecode.swift; path = PostCardVideoDetailView.swift; sourceTree = "<group>"; };
		5CE0FEB629BEA4C100711866 /* PostCardImageDetailView.swift */ = {isa = PBXFileReference; lastKnownFileType = sourcecode.swift; path = PostCardImageDetailView.swift; sourceTree = "<group>"; };
		5CE0FEB829BEC0BD00711866 /* PostCardImageDetailViewImage.swift */ = {isa = PBXFileReference; lastKnownFileType = sourcecode.swift; path = PostCardImageDetailViewImage.swift; sourceTree = "<group>"; };
/* End PBXFileReference section */

/* Begin PBXFrameworksBuildPhase section */
		5C52C70329BCD8CD002231F2 /* Frameworks */ = {
			isa = PBXFrameworksBuildPhase;
			buildActionMask = 2147483647;
			files = (
				5CE0FEB529BE0C2900711866 /* SDWebImageSwiftUI in Frameworks */,
				5C52C71B29BCDEDF002231F2 /* FirebaseAuth in Frameworks */,
				5C52C71D29BCDEDF002231F2 /* FirebaseFirestore in Frameworks */,
				5C52C71F29BCDEE0002231F2 /* FirebaseStorage in Frameworks */,
			);
			runOnlyForDeploymentPostprocessing = 0;
		};
/* End PBXFrameworksBuildPhase section */

/* Begin PBXGroup section */
		5C52C6FD29BCD8CD002231F2 = {
			isa = PBXGroup;
			children = (
				5C52C70829BCD8CD002231F2 /* BaudoAP */,
				5C52C70729BCD8CD002231F2 /* Products */,
			);
			sourceTree = "<group>";
		};
		5C52C70729BCD8CD002231F2 /* Products */ = {
			isa = PBXGroup;
			children = (
				5C52C70629BCD8CD002231F2 /* BaudoAP.app */,
			);
			name = Products;
			sourceTree = "<group>";
		};
		5C52C70829BCD8CD002231F2 /* BaudoAP */ = {
			isa = PBXGroup;
			children = (
				5C90A5B529BD07BD0031FF14 /* Info.plist */,
				5C52C70929BCD8CD002231F2 /* BaudoAPApp.swift */,
				5C52C72029BCE1A5002231F2 /* ViewModels */,
				5C52C72329BCE1D1002231F2 /* Models */,
				5C52C70D29BCD8CE002231F2 /* Assets.xcassets */,
				5CDC3F5C29D0A32B006D55BB /* Fonts */,
				5C52C72829BCE213002231F2 /* Views */,
				5C52C70F29BCD8CE002231F2 /* Preview Content */,
			);
			path = BaudoAP;
			sourceTree = "<group>";
		};
		5C52C70F29BCD8CE002231F2 /* Preview Content */ = {
			isa = PBXGroup;
			children = (
				5C6807EE29D5EA03005F7B46 /* GoogleService-Info.plist */,
				5C52C71029BCD8CE002231F2 /* Preview Assets.xcassets */,
			);
			path = "Preview Content";
			sourceTree = "<group>";
		};
		5C52C72029BCE1A5002231F2 /* ViewModels */ = {
			isa = PBXGroup;
			children = (
				5C6FAEF829D36C30000B8FB6 /* ContentViewModelImage.swift */,
				5C42F23429C95F6E009099B7 /* ContentViewModelVideo.swift */,
				5C077CD229CDEFBA006B3ADC /* ContentViewModelPodcast.swift */,
				5CA8AA9729D1570800F59CAA /* ContentViewModelComunidad.swift */,
				5C25BC2B29BD6590003667A9 /* UserSettings.swift */,
			);
			path = ViewModels;
			sourceTree = "<group>";
		};
		5C52C72329BCE1D1002231F2 /* Models */ = {
			isa = PBXGroup;
			children = (
				5C52C72429BCE1DF002231F2 /* Post.swift */,
				5CA8AA9929D1580400F59CAA /* Users.swift */,
				5C6FAEFA29D37E89000B8FB6 /* EmptyView.swift */,
				5CA8AA9B29D15C0A00F59CAA /* PostCardComunidad.swift */,
				5C52C72629BCE1F2002231F2 /* PostCardImage.swift */,
				5CE0FEB629BEA4C100711866 /* PostCardImageDetailView.swift */,
				5CE0FEB829BEC0BD00711866 /* PostCardImageDetailViewImage.swift */,
				5C42F23229C95864009099B7 /* PostCardVideo.swift */,
				5CB902D429CB81C0004D581B /* PostCardVideoDetailView.swift */,
				5C077CD429CDF03D006B3ADC /* PostCardPodcast.swift */,
				5C077CDA29CF5DFD006B3ADC /* PostCardPodcastDetail.swift */,
			);
			path = Models;
			sourceTree = "<group>";
		};
		5C52C72829BCE213002231F2 /* Views */ = {
			isa = PBXGroup;
			children = (
				5C52C72B29BCE23C002231F2 /* Preload.swift */,
				5C25BC2929BD6349003667A9 /* Base.swift */,
				5C077CD629CE0EC7006B3ADC /* User.swift */,
				5C52C72D29BCE24F002231F2 /* Login.swift */,
				5C90A5B629BD4B600031FF14 /* TabViews.swift */,
				5C52C72F29BCE263002231F2 /* Home.swift */,
				5C52C73129BCE270002231F2 /* Navegantes.swift */,
				5C52C73529BCE29D002231F2 /* Tienda.swift */,
				5C52C73729BCE2BA002231F2 /* Comunidad.swift */,
				5C52C73329BCE280002231F2 /* Eventos.swift */,
			);
			path = Views;
			sourceTree = "<group>";
		};
		5CDC3F5C29D0A32B006D55BB /* Fonts */ = {
			isa = PBXGroup;
			children = (
				5CA8AA8C29D14B1500F59CAA /* SofiaSans-Black.ttf */,
				5CA8AA9029D14B1500F59CAA /* SofiaSans-Bold.ttf */,
				5CA8AA8D29D14B1500F59CAA /* SofiaSans-ExtraBold.ttf */,
				5CA8AA8E29D14B1500F59CAA /* SofiaSans-Light.ttf */,
				5CA8AA8B29D14B1500F59CAA /* SofiaSans-Medium.ttf */,
				5CA8AA8F29D14B1500F59CAA /* SofiaSans-Regular.ttf */,
			);
			path = Fonts;
			sourceTree = "<group>";
		};
/* End PBXGroup section */

/* Begin PBXNativeTarget section */
		5C52C70529BCD8CD002231F2 /* BaudoAP */ = {
			isa = PBXNativeTarget;
			buildConfigurationList = 5C52C71429BCD8CE002231F2 /* Build configuration list for PBXNativeTarget "BaudoAP" */;
			buildPhases = (
				5C52C70229BCD8CD002231F2 /* Sources */,
				5C52C70329BCD8CD002231F2 /* Frameworks */,
				5C52C70429BCD8CD002231F2 /* Resources */,
			);
			buildRules = (
			);
			dependencies = (
			);
			name = BaudoAP;
			packageProductDependencies = (
				5C52C71A29BCDEDF002231F2 /* FirebaseAuth */,
				5C52C71C29BCDEDF002231F2 /* FirebaseFirestore */,
				5C52C71E29BCDEDF002231F2 /* FirebaseStorage */,
				5CE0FEB429BE0C2900711866 /* SDWebImageSwiftUI */,
			);
			productName = BaudoAP;
			productReference = 5C52C70629BCD8CD002231F2 /* BaudoAP.app */;
			productType = "com.apple.product-type.application";
		};
/* End PBXNativeTarget section */

/* Begin PBXProject section */
		5C52C6FE29BCD8CD002231F2 /* Project object */ = {
			isa = PBXProject;
			attributes = {
				BuildIndependentTargetsInParallel = 1;
				LastSwiftUpdateCheck = 1420;
				LastUpgradeCheck = 1420;
				TargetAttributes = {
					5C52C70529BCD8CD002231F2 = {
						CreatedOnToolsVersion = 14.2;
					};
				};
			};
			buildConfigurationList = 5C52C70129BCD8CD002231F2 /* Build configuration list for PBXProject "BaudoAP" */;
			compatibilityVersion = "Xcode 14.0";
			developmentRegion = en;
			hasScannedForEncodings = 0;
			knownRegions = (
				en,
				Base,
			);
			mainGroup = 5C52C6FD29BCD8CD002231F2;
			packageReferences = (
				5C52C71929BCDEDF002231F2 /* XCRemoteSwiftPackageReference "firebase-ios-sdk" */,
				5CE0FEB329BE0C2900711866 /* XCRemoteSwiftPackageReference "SDWebImageSwiftUI" */,
			);
			productRefGroup = 5C52C70729BCD8CD002231F2 /* Products */;
			projectDirPath = "";
			projectRoot = "";
			targets = (
				5C52C70529BCD8CD002231F2 /* BaudoAP */,
			);
		};
/* End PBXProject section */

/* Begin PBXResourcesBuildPhase section */
		5C52C70429BCD8CD002231F2 /* Resources */ = {
			isa = PBXResourcesBuildPhase;
			buildActionMask = 2147483647;
			files = (
				5C52C71129BCD8CE002231F2 /* Preview Assets.xcassets in Resources */,
				5CA8AA9129D14B1500F59CAA /* SofiaSans-Medium.ttf in Resources */,
				5CA8AA9429D14B1500F59CAA /* SofiaSans-Light.ttf in Resources */,
				5CA8AA9329D14B1500F59CAA /* SofiaSans-ExtraBold.ttf in Resources */,
				5CA8AA9229D14B1500F59CAA /* SofiaSans-Black.ttf in Resources */,
				5C52C70E29BCD8CE002231F2 /* Assets.xcassets in Resources */,
				5CA8AA9629D14B1500F59CAA /* SofiaSans-Bold.ttf in Resources */,
				5C6807EF29D5EA03005F7B46 /* GoogleService-Info.plist in Resources */,
				5CA8AA9529D14B1500F59CAA /* SofiaSans-Regular.ttf in Resources */,
			);
			runOnlyForDeploymentPostprocessing = 0;
		};
/* End PBXResourcesBuildPhase section */

/* Begin PBXSourcesBuildPhase section */
		5C52C70229BCD8CD002231F2 /* Sources */ = {
			isa = PBXSourcesBuildPhase;
			buildActionMask = 2147483647;
			files = (
				5CE0FEB729BEA4C100711866 /* PostCardImageDetailView.swift in Sources */,
				5C52C73629BCE29D002231F2 /* Tienda.swift in Sources */,
				5CB902D529CB81C0004D581B /* PostCardVideoDetailView.swift in Sources */,
				5C077CDB29CF5DFD006B3ADC /* PostCardPodcastDetail.swift in Sources */,
				5C42F23329C95864009099B7 /* PostCardVideo.swift in Sources */,
				5C077CD329CDEFBA006B3ADC /* ContentViewModelPodcast.swift in Sources */,
				5C42F23529C95F6E009099B7 /* ContentViewModelVideo.swift in Sources */,
				5CE0FEB929BEC0BD00711866 /* PostCardImageDetailViewImage.swift in Sources */,
				5C90A5B729BD4B600031FF14 /* TabViews.swift in Sources */,
				5C52C73229BCE270002231F2 /* Navegantes.swift in Sources */,
				5C6FAEFB29D37E89000B8FB6 /* EmptyView.swift in Sources */,
				5C077CD729CE0EC7006B3ADC /* User.swift in Sources */,
				5C077CD529CDF03D006B3ADC /* PostCardPodcast.swift in Sources */,
				5C52C70A29BCD8CD002231F2 /* BaudoAPApp.swift in Sources */,
				5C25BC2A29BD6349003667A9 /* Base.swift in Sources */,
				5C52C73029BCE263002231F2 /* Home.swift in Sources */,
				5C52C73829BCE2BA002231F2 /* Comunidad.swift in Sources */,
				5C52C73429BCE280002231F2 /* Eventos.swift in Sources */,
				5CA8AA9C29D15C0A00F59CAA /* PostCardComunidad.swift in Sources */,
				5CA8AA9A29D1580400F59CAA /* Users.swift in Sources */,
				5C52C72529BCE1DF002231F2 /* Post.swift in Sources */,
				5C52C72729BCE1F2002231F2 /* PostCardImage.swift in Sources */,
				5C25BC2C29BD6590003667A9 /* UserSettings.swift in Sources */,
				5CA8AA9829D1570800F59CAA /* ContentViewModelComunidad.swift in Sources */,
				5C6FAEF929D36C31000B8FB6 /* ContentViewModelImage.swift in Sources */,
				5C52C72C29BCE23C002231F2 /* Preload.swift in Sources */,
				5C52C72E29BCE24F002231F2 /* Login.swift in Sources */,
			);
			runOnlyForDeploymentPostprocessing = 0;
		};
/* End PBXSourcesBuildPhase section */

/* Begin XCBuildConfiguration section */
		5C52C71229BCD8CE002231F2 /* Debug */ = {
			isa = XCBuildConfiguration;
			buildSettings = {
				ALWAYS_SEARCH_USER_PATHS = NO;
				CLANG_ANALYZER_NONNULL = YES;
				CLANG_ANALYZER_NUMBER_OBJECT_CONVERSION = YES_AGGRESSIVE;
				CLANG_CXX_LANGUAGE_STANDARD = "gnu++20";
				CLANG_ENABLE_MODULES = YES;
				CLANG_ENABLE_OBJC_ARC = YES;
				CLANG_ENABLE_OBJC_WEAK = YES;
				CLANG_WARN_BLOCK_CAPTURE_AUTORELEASING = YES;
				CLANG_WARN_BOOL_CONVERSION = YES;
				CLANG_WARN_COMMA = YES;
				CLANG_WARN_CONSTANT_CONVERSION = YES;
				CLANG_WARN_DEPRECATED_OBJC_IMPLEMENTATIONS = YES;
				CLANG_WARN_DIRECT_OBJC_ISA_USAGE = YES_ERROR;
				CLANG_WARN_DOCUMENTATION_COMMENTS = YES;
				CLANG_WARN_EMPTY_BODY = YES;
				CLANG_WARN_ENUM_CONVERSION = YES;
				CLANG_WARN_INFINITE_RECURSION = YES;
				CLANG_WARN_INT_CONVERSION = YES;
				CLANG_WARN_NON_LITERAL_NULL_CONVERSION = YES;
				CLANG_WARN_OBJC_IMPLICIT_RETAIN_SELF = YES;
				CLANG_WARN_OBJC_LITERAL_CONVERSION = YES;
				CLANG_WARN_OBJC_ROOT_CLASS = YES_ERROR;
				CLANG_WARN_QUOTED_INCLUDE_IN_FRAMEWORK_HEADER = YES;
				CLANG_WARN_RANGE_LOOP_ANALYSIS = YES;
				CLANG_WARN_STRICT_PROTOTYPES = YES;
				CLANG_WARN_SUSPICIOUS_MOVE = YES;
				CLANG_WARN_UNGUARDED_AVAILABILITY = YES_AGGRESSIVE;
				CLANG_WARN_UNREACHABLE_CODE = YES;
				CLANG_WARN__DUPLICATE_METHOD_MATCH = YES;
				COPY_PHASE_STRIP = NO;
				DEBUG_INFORMATION_FORMAT = dwarf;
				ENABLE_STRICT_OBJC_MSGSEND = YES;
				ENABLE_TESTABILITY = YES;
				GCC_C_LANGUAGE_STANDARD = gnu11;
				GCC_DYNAMIC_NO_PIC = NO;
				GCC_NO_COMMON_BLOCKS = YES;
				GCC_OPTIMIZATION_LEVEL = 0;
				GCC_PREPROCESSOR_DEFINITIONS = (
					"DEBUG=1",
					"$(inherited)",
				);
				GCC_WARN_64_TO_32_BIT_CONVERSION = YES;
				GCC_WARN_ABOUT_RETURN_TYPE = YES_ERROR;
				GCC_WARN_UNDECLARED_SELECTOR = YES;
				GCC_WARN_UNINITIALIZED_AUTOS = YES_AGGRESSIVE;
				GCC_WARN_UNUSED_FUNCTION = YES;
				GCC_WARN_UNUSED_VARIABLE = YES;
				IPHONEOS_DEPLOYMENT_TARGET = 16.0;
				MTL_ENABLE_DEBUG_INFO = INCLUDE_SOURCE;
				MTL_FAST_MATH = YES;
				ONLY_ACTIVE_ARCH = YES;
				SDKROOT = iphoneos;
				SWIFT_ACTIVE_COMPILATION_CONDITIONS = DEBUG;
				SWIFT_OPTIMIZATION_LEVEL = "-Onone";
			};
			name = Debug;
		};
		5C52C71329BCD8CE002231F2 /* Release */ = {
			isa = XCBuildConfiguration;
			buildSettings = {
				ALWAYS_SEARCH_USER_PATHS = NO;
				CLANG_ANALYZER_NONNULL = YES;
				CLANG_ANALYZER_NUMBER_OBJECT_CONVERSION = YES_AGGRESSIVE;
				CLANG_CXX_LANGUAGE_STANDARD = "gnu++20";
				CLANG_ENABLE_MODULES = YES;
				CLANG_ENABLE_OBJC_ARC = YES;
				CLANG_ENABLE_OBJC_WEAK = YES;
				CLANG_WARN_BLOCK_CAPTURE_AUTORELEASING = YES;
				CLANG_WARN_BOOL_CONVERSION = YES;
				CLANG_WARN_COMMA = YES;
				CLANG_WARN_CONSTANT_CONVERSION = YES;
				CLANG_WARN_DEPRECATED_OBJC_IMPLEMENTATIONS = YES;
				CLANG_WARN_DIRECT_OBJC_ISA_USAGE = YES_ERROR;
				CLANG_WARN_DOCUMENTATION_COMMENTS = YES;
				CLANG_WARN_EMPTY_BODY = YES;
				CLANG_WARN_ENUM_CONVERSION = YES;
				CLANG_WARN_INFINITE_RECURSION = YES;
				CLANG_WARN_INT_CONVERSION = YES;
				CLANG_WARN_NON_LITERAL_NULL_CONVERSION = YES;
				CLANG_WARN_OBJC_IMPLICIT_RETAIN_SELF = YES;
				CLANG_WARN_OBJC_LITERAL_CONVERSION = YES;
				CLANG_WARN_OBJC_ROOT_CLASS = YES_ERROR;
				CLANG_WARN_QUOTED_INCLUDE_IN_FRAMEWORK_HEADER = YES;
				CLANG_WARN_RANGE_LOOP_ANALYSIS = YES;
				CLANG_WARN_STRICT_PROTOTYPES = YES;
				CLANG_WARN_SUSPICIOUS_MOVE = YES;
				CLANG_WARN_UNGUARDED_AVAILABILITY = YES_AGGRESSIVE;
				CLANG_WARN_UNREACHABLE_CODE = YES;
				CLANG_WARN__DUPLICATE_METHOD_MATCH = YES;
				COPY_PHASE_STRIP = NO;
				DEBUG_INFORMATION_FORMAT = "dwarf-with-dsym";
				ENABLE_NS_ASSERTIONS = NO;
				ENABLE_STRICT_OBJC_MSGSEND = YES;
				GCC_C_LANGUAGE_STANDARD = gnu11;
				GCC_NO_COMMON_BLOCKS = YES;
				GCC_WARN_64_TO_32_BIT_CONVERSION = YES;
				GCC_WARN_ABOUT_RETURN_TYPE = YES_ERROR;
				GCC_WARN_UNDECLARED_SELECTOR = YES;
				GCC_WARN_UNINITIALIZED_AUTOS = YES_AGGRESSIVE;
				GCC_WARN_UNUSED_FUNCTION = YES;
				GCC_WARN_UNUSED_VARIABLE = YES;
				IPHONEOS_DEPLOYMENT_TARGET = 16.0;
				MTL_ENABLE_DEBUG_INFO = NO;
				MTL_FAST_MATH = YES;
				SDKROOT = iphoneos;
				SWIFT_COMPILATION_MODE = wholemodule;
				SWIFT_OPTIMIZATION_LEVEL = "-O";
				VALIDATE_PRODUCT = YES;
			};
			name = Release;
		};
		5C52C71529BCD8CE002231F2 /* Debug */ = {
			isa = XCBuildConfiguration;
			buildSettings = {
				ASSETCATALOG_COMPILER_APPICON_NAME = AppIcon;
				ASSETCATALOG_COMPILER_GLOBAL_ACCENT_COLOR_NAME = AccentColor;
				CODE_SIGN_IDENTITY = "Apple Development";
				CODE_SIGN_STYLE = Automatic;
				CURRENT_PROJECT_VERSION = 1;
				DEVELOPMENT_ASSET_PATHS = "\"BaudoAP/Preview Content\"";
				DEVELOPMENT_TEAM = Y68B267CDH;
				ENABLE_PREVIEWS = YES;
				GENERATE_INFOPLIST_FILE = YES;
				INFOPLIST_FILE = BaudoAP/Info.plist;
				INFOPLIST_KEY_UIApplicationSupportsIndirectInputEvents = YES;
				INFOPLIST_KEY_UILaunchScreen_Generation = YES;
				INFOPLIST_KEY_UISupportedInterfaceOrientations = UIInterfaceOrientationPortrait;
				IPHONEOS_DEPLOYMENT_TARGET = 16.0;
				LD_RUNPATH_SEARCH_PATHS = (
					"$(inherited)",
					"@executable_path/Frameworks",
				);
				MARKETING_VERSION = 1.0;
				PRODUCT_BUNDLE_IDENTIFIER = com.baudoap.BaudoAPS;
				PRODUCT_NAME = "$(TARGET_NAME)";
				PROVISIONING_PROFILE_SPECIFIER = "";
				SUPPORTED_PLATFORMS = "iphoneos iphonesimulator";
				SUPPORTS_MACCATALYST = NO;
				SUPPORTS_MAC_DESIGNED_FOR_IPHONE_IPAD = NO;
				SWIFT_EMIT_LOC_STRINGS = YES;
				SWIFT_VERSION = 5.0;
				TARGETED_DEVICE_FAMILY = 1;
			};
			name = Debug;
		};
		5C52C71629BCD8CE002231F2 /* Release */ = {
			isa = XCBuildConfiguration;
			buildSettings = {
				ASSETCATALOG_COMPILER_APPICON_NAME = AppIcon;
				ASSETCATALOG_COMPILER_GLOBAL_ACCENT_COLOR_NAME = AccentColor;
				CODE_SIGN_IDENTITY = "Apple Development";
				CODE_SIGN_STYLE = Automatic;
				CURRENT_PROJECT_VERSION = 1;
				DEVELOPMENT_ASSET_PATHS = "\"BaudoAP/Preview Content\"";
				DEVELOPMENT_TEAM = Y68B267CDH;
				ENABLE_PREVIEWS = YES;
				GENERATE_INFOPLIST_FILE = YES;
				INFOPLIST_FILE = BaudoAP/Info.plist;
				INFOPLIST_KEY_UIApplicationSupportsIndirectInputEvents = YES;
				INFOPLIST_KEY_UILaunchScreen_Generation = YES;
				INFOPLIST_KEY_UISupportedInterfaceOrientations = UIInterfaceOrientationPortrait;
				IPHONEOS_DEPLOYMENT_TARGET = 16.0;
				LD_RUNPATH_SEARCH_PATHS = (
					"$(inherited)",
					"@executable_path/Frameworks",
				);
				MARKETING_VERSION = 1.0;
				PRODUCT_BUNDLE_IDENTIFIER = com.baudoap.BaudoAPS;
				PRODUCT_NAME = "$(TARGET_NAME)";
				PROVISIONING_PROFILE_SPECIFIER = "";
				SUPPORTED_PLATFORMS = "iphoneos iphonesimulator";
				SUPPORTS_MACCATALYST = NO;
				SUPPORTS_MAC_DESIGNED_FOR_IPHONE_IPAD = NO;
				SWIFT_EMIT_LOC_STRINGS = YES;
				SWIFT_VERSION = 5.0;
				TARGETED_DEVICE_FAMILY = 1;
			};
			name = Release;
		};
/* End XCBuildConfiguration section */

/* Begin XCConfigurationList section */
		5C52C70129BCD8CD002231F2 /* Build configuration list for PBXProject "BaudoAP" */ = {
			isa = XCConfigurationList;
			buildConfigurations = (
				5C52C71229BCD8CE002231F2 /* Debug */,
				5C52C71329BCD8CE002231F2 /* Release */,
			);
			defaultConfigurationIsVisible = 0;
			defaultConfigurationName = Release;
		};
		5C52C71429BCD8CE002231F2 /* Build configuration list for PBXNativeTarget "BaudoAP" */ = {
			isa = XCConfigurationList;
			buildConfigurations = (
				5C52C71529BCD8CE002231F2 /* Debug */,
				5C52C71629BCD8CE002231F2 /* Release */,
			);
			defaultConfigurationIsVisible = 0;
			defaultConfigurationName = Release;
		};
/* End XCConfigurationList section */

/* Begin XCRemoteSwiftPackageReference section */
		5C52C71929BCDEDF002231F2 /* XCRemoteSwiftPackageReference "firebase-ios-sdk" */ = {
			isa = XCRemoteSwiftPackageReference;
			repositoryURL = "https://github.com/firebase/firebase-ios-sdk";
			requirement = {
				branch = master;
				kind = branch;
			};
		};
		5CE0FEB329BE0C2900711866 /* XCRemoteSwiftPackageReference "SDWebImageSwiftUI" */ = {
			isa = XCRemoteSwiftPackageReference;
			repositoryURL = "https://github.com/SDWebImage/SDWebImageSwiftUI.git";
			requirement = {
				branch = master;
				kind = branch;
			};
		};
/* End XCRemoteSwiftPackageReference section */

/* Begin XCSwiftPackageProductDependency section */
		5C52C71A29BCDEDF002231F2 /* FirebaseAuth */ = {
			isa = XCSwiftPackageProductDependency;
			package = 5C52C71929BCDEDF002231F2 /* XCRemoteSwiftPackageReference "firebase-ios-sdk" */;
			productName = FirebaseAuth;
		};
		5C52C71C29BCDEDF002231F2 /* FirebaseFirestore */ = {
			isa = XCSwiftPackageProductDependency;
			package = 5C52C71929BCDEDF002231F2 /* XCRemoteSwiftPackageReference "firebase-ios-sdk" */;
			productName = FirebaseFirestore;
		};
		5C52C71E29BCDEDF002231F2 /* FirebaseStorage */ = {
			isa = XCSwiftPackageProductDependency;
			package = 5C52C71929BCDEDF002231F2 /* XCRemoteSwiftPackageReference "firebase-ios-sdk" */;
			productName = FirebaseStorage;
		};
		5CE0FEB429BE0C2900711866 /* SDWebImageSwiftUI */ = {
			isa = XCSwiftPackageProductDependency;
			package = 5CE0FEB329BE0C2900711866 /* XCRemoteSwiftPackageReference "SDWebImageSwiftUI" */;
			productName = SDWebImageSwiftUI;
		};
/* End XCSwiftPackageProductDependency section */
	};
	rootObject = 5C52C6FE29BCD8CD002231F2 /* Project object */;
}
